
Microsoft Visual Studio Solution File, Format Version 12.00
# Visual Studio Version 17
VisualStudioVersion = 17.9.34607.119
MinimumVisualStudioVersion = 10.0.40219.1
Project("{9A19103F-16F7-4668-BE54-9A1E7A4F7556}") = "NetAcademy.UI", "NetAcademy.UI\NetAcademy.UI.csproj", "{60D82097-40A8-4F8E-A9D0-6D033AF33891}"
EndProject
Project("{9A19103F-16F7-4668-BE54-9A1E7A4F7556}") = "NetAcademy.Services", "NetAcademy.Services\NetAcademy.Services.csproj", "{705F1DE9-6955-4524-A061-D74AF041790F}"
EndProject
Project("{2150E333-8FDC-42A3-9474-1A3956D46DE8}") = "DataAccessLayer", "DataAccessLayer", "{C63BF904-F4E1-47B1-A386-04D5B45F2E53}"
EndProject
Project("{FAE04EC0-301F-11D3-BF4B-00C04F79EFBC}") = "NetAcademy.DataBase", "Data\NetAcademy.DataBase\NetAcademy.DataBase.csproj", "{B5BBB2E5-E5A6-4FE9-AAD9-E66598D42339}"
EndProject
Global
	GlobalSection(SolutionConfigurationPlatforms) = preSolution
		Debug|Any CPU = Debug|Any CPU
		Release|Any CPU = Release|Any CPU
	EndGlobalSection
	GlobalSection(ProjectConfigurationPlatforms) = postSolution
		{60D82097-40A8-4F8E-A9D0-6D033AF33891}.Debug|Any CPU.ActiveCfg = Debug|Any CPU
		{60D82097-40A8-4F8E-A9D0-6D033AF33891}.Debug|Any CPU.Build.0 = Debug|Any CPU
		{60D82097-40A8-4F8E-A9D0-6D033AF33891}.Release|Any CPU.ActiveCfg = Release|Any CPU
		{60D82097-40A8-4F8E-A9D0-6D033AF33891}.Release|Any CPU.Build.0 = Release|Any CPU
		{705F1DE9-6955-4524-A061-D74AF041790F}.Debug|Any CPU.ActiveCfg = Debug|Any CPU
		{705F1DE9-6955-4524-A061-D74AF041790F}.Debug|Any CPU.Build.0 = Debug|Any CPU
		{705F1DE9-6955-4524-A061-D74AF041790F}.Release|Any CPU.ActiveCfg = Release|Any CPU
		{705F1DE9-6955-4524-A061-D74AF041790F}.Release|Any CPU.Build.0 = Release|Any CPU
		{B5BBB2E5-E5A6-4FE9-AAD9-E66598D42339}.Debug|Any CPU.ActiveCfg = Debug|Any CPU
		{B5BBB2E5-E5A6-4FE9-AAD9-E66598D42339}.Debug|Any CPU.Build.0 = Debug|Any CPU
		{B5BBB2E5-E5A6-4FE9-AAD9-E66598D42339}.Release|Any CPU.ActiveCfg = Release|Any CPU
		{B5BBB2E5-E5A6-4FE9-AAD9-E66598D42339}.Release|Any CPU.Build.0 = Release|Any CPU
	EndGlobalSection
	GlobalSection(SolutionProperties) = preSolution
		HideSolutionNode = FALSE
	EndGlobalSection
	GlobalSection(NestedProjects) = preSolution
		{B5BBB2E5-E5A6-4FE9-AAD9-E66598D42339} = {C63BF904-F4E1-47B1-A386-04D5B45F2E53}
	EndGlobalSection
	GlobalSection(ExtensibilityGlobals) = postSolution
		SolutionGuid = {8D30D330-5132-42AB-B9BF-F86F76EB68C9}
	EndGlobalSection
EndGlobal
